version = 1
revision = 3
requires-python = ">=3.14"

[[package]]
name = "cytoolz"
version = "1.1.0"
source = { registry = "https://pypi.org/simple" }
dependencies = [
    { name = "toolz" },
]
sdist = { url = "https://files.pythonhosted.org/packages/bd/d4/16916f3dc20a3f5455b63c35dcb260b3716f59ce27a93586804e70e431d5/cytoolz-1.1.0.tar.gz", hash = "sha256:13a7bf254c3c0d28b12e2290b82aed0f0977a4c2a2bf84854fcdc7796a29f3b0", size = 642510, upload-time = "2025-10-19T00:44:56.174Z" }
wheels = [
    { url = "https://files.pythonhosted.org/packages/b7/e8/297a85ba700f437c01eba962428e6ab4572f6c3e68e8ff442ce5c9d3a496/cytoolz-1.1.0-cp314-cp314-ios_13_0_arm64_iphoneos.whl", hash = "sha256:d542cee7c7882d2a914a33dec4d3600416fb336734df979473249d4c53d207a1", size = 980613, upload-time = "2025-10-19T00:42:47.988Z" },
    { url = "https://files.pythonhosted.org/packages/e8/d7/2b02c9d18e9cc263a0e22690f78080809f1eafe72f26b29ccc115d3bf5c8/cytoolz-1.1.0-cp314-cp314-ios_13_0_arm64_iphonesimulator.whl", hash = "sha256:31922849b701b0f24bb62e56eb2488dcd3aa6ae3057694bd6b3b7c4c2bc27c2f", size = 990476, upload-time = "2025-10-19T00:42:49.653Z" },
    { url = "https://files.pythonhosted.org/packages/89/26/b6b159d2929310fca0eff8a4989cd4b1ecbdf7c46fdff46c7a20fcae55c8/cytoolz-1.1.0-cp314-cp314-ios_13_0_x86_64_iphonesimulator.whl", hash = "sha256:e68308d32afd31943314735c1335e4ab5696110e96b405f6bdb8f2a8dc771a16", size = 992712, upload-time = "2025-10-19T00:42:51.306Z" },
    { url = "https://files.pythonhosted.org/packages/42/a0/f7c572aa151ed466b0fce4a327c3cc916d3ef3c82e341be59ea4b9bee9e4/cytoolz-1.1.0-cp314-cp314-macosx_10_15_universal2.whl", hash = "sha256:fc4bb48b3b866e1867f7c6411a4229e5b44be3989060663713e10efc24c9bd5f", size = 1322596, upload-time = "2025-10-19T00:42:52.978Z" },
    { url = "https://files.pythonhosted.org/packages/72/7c/a55d035e20b77b6725e85c8f1a418b3a4c23967288b8b0c2d1a40f158cbe/cytoolz-1.1.0-cp314-cp314-macosx_10_15_x86_64.whl", hash = "sha256:456f77207d1445025d7ef262b8370a05492dcb1490cb428b0f3bf1bd744a89b0", size = 992825, upload-time = "2025-10-19T00:42:55.026Z" },
    { url = "https://files.pythonhosted.org/packages/03/af/39d2d3db322136e12e9336a1f13bab51eab88b386bfb11f91d3faff8ba34/cytoolz-1.1.0-cp314-cp314-macosx_11_0_arm64.whl", hash = "sha256:174ebc71ebb20a9baeffce6ee07ee2cd913754325c93f99d767380d8317930f7", size = 990525, upload-time = "2025-10-19T00:42:56.666Z" },
    { url = "https://files.pythonhosted.org/packages/a6/bd/65d7a869d307f9b10ad45c2c1cbb40b81a8d0ed1138fa17fd904f5c83298/cytoolz-1.1.0-cp314-cp314-manylinux1_i686.manylinux_2_28_i686.manylinux_2_5_i686.whl", hash = "sha256:8b3604fef602bcd53415055a4f68468339192fd17be39e687ae24f476d23d56e", size = 2672409, upload-time = "2025-10-19T00:42:58.81Z" },
    { url = "https://files.pythonhosted.org/packages/2d/fb/74dfd844bfd67e810bd36e8e3903a143035447245828e7fcd7c81351d775/cytoolz-1.1.0-cp314-cp314-manylinux2014_aarch64.manylinux_2_17_aarch64.manylinux_2_28_aarch64.whl", hash = "sha256:3604b959a01f64c366e7d10ec7634d5f5cfe10301e27a8f090f6eb3b2a628a18", size = 2808477, upload-time = "2025-10-19T00:43:00.577Z" },
    { url = "https://files.pythonhosted.org/packages/d6/1f/587686c43e31c19241ec317da66438d093523921ea7749bbc65558a30df9/cytoolz-1.1.0-cp314-cp314-manylinux2014_armv7l.manylinux_2_17_armv7l.manylinux_2_31_armv7l.whl", hash = "sha256:6db2127a3c1bc2f59f08010d2ae53a760771a9de2f67423ad8d400e9ba4276e8", size = 2636881, upload-time = "2025-10-19T00:43:02.24Z" },
    { url = "https://files.pythonhosted.org/packages/bc/6d/90468cd34f77cb38a11af52c4dc6199efcc97a486395a21bef72e9b7602e/cytoolz-1.1.0-cp314-cp314-manylinux2014_ppc64le.manylinux_2_17_ppc64le.manylinux_2_28_ppc64le.whl", hash = "sha256:56584745ac647993a016a21bc76399113b7595e312f8d0a1b140c9fcf9b58a27", size = 2937315, upload-time = "2025-10-19T00:43:03.954Z" },
    { url = "https://files.pythonhosted.org/packages/d9/50/7b92cd78c613b92e3509e6291d3fb7e0d72ebda999a8df806a96c40ca9ab/cytoolz-1.1.0-cp314-cp314-manylinux2014_s390x.manylinux_2_17_s390x.manylinux_2_28_s390x.whl", hash = "sha256:db2c4c3a7f7bd7e03bb1a236a125c8feb86c75802f4ecda6ecfaf946610b2930", size = 2959988, upload-time = "2025-10-19T00:43:05.758Z" },
    { url = "https://files.pythonhosted.org/packages/44/d5/34b5a28a8d9bb329f984b4c2259407ca3f501d1abeb01bacea07937d85d1/cytoolz-1.1.0-cp314-cp314-manylinux2014_x86_64.manylinux_2_17_x86_64.manylinux_2_28_x86_64.whl", hash = "sha256:48cb8a692111a285d2b9acd16d185428176bfbffa8a7c274308525fccd01dd42", size = 2795116, upload-time = "2025-10-19T00:43:07.411Z" },
    { url = "https://files.pythonhosted.org/packages/f5/d9/5dd829e33273ec03bdc3c812e6c3281987ae2c5c91645582f6c331544a64/cytoolz-1.1.0-cp314-cp314-manylinux_2_31_riscv64.manylinux_2_39_riscv64.whl", hash = "sha256:d2f344ba5eb17dcf38ee37fdde726f69053f54927db8f8a1bed6ac61e5b1890d", size = 2535390, upload-time = "2025-10-19T00:43:09.104Z" },
    { url = "https://files.pythonhosted.org/packages/87/1f/7f9c58068a8eec2183110df051bc6b69dd621143f84473eeb6dc1b32905a/cytoolz-1.1.0-cp314-cp314-musllinux_1_2_aarch64.whl", hash = "sha256:abf76b1c1abd031f098f293b6d90ee08bdaa45f8b5678430e331d991b82684b1", size = 2704834, upload-time = "2025-10-19T00:43:10.942Z" },
    { url = "https://files.pythonhosted.org/packages/d2/90/667def5665333575d01a65fe3ec0ca31b897895f6e3bc1a42d6ea3659369/cytoolz-1.1.0-cp314-cp314-musllinux_1_2_armv7l.whl", hash = "sha256:ddf9a38a5b686091265ff45b53d142e44a538cd6c2e70610d3bc6be094219032", size = 2658441, upload-time = "2025-10-19T00:43:12.655Z" },
    { url = "https://files.pythonhosted.org/packages/23/79/6615f9a14960bd29ac98b823777b6589357833f65cf1a11b5abc1587c120/cytoolz-1.1.0-cp314-cp314-musllinux_1_2_i686.whl", hash = "sha256:946786755274f07bb2be0400f28adb31d7d85a7c7001873c0a8e24a503428fb3", size = 2654766, upload-time = "2025-10-19T00:43:14.325Z" },
    { url = "https://files.pythonhosted.org/packages/b0/99/be59c6e0ae02153ef10ae1ff0f380fb19d973c651b50cf829a731f6c9e79/cytoolz-1.1.0-cp314-cp314-musllinux_1_2_ppc64le.whl", hash = "sha256:d5b8f78b9fed79cf185ad4ddec099abeef45951bdcb416c5835ba05f0a1242c7", size = 2827649, upload-time = "2025-10-19T00:43:16.132Z" },
    { url = "https://files.pythonhosted.org/packages/19/b7/854ddcf9f9618844108677c20d48f4611b5c636956adea0f0e85e027608f/cytoolz-1.1.0-cp314-cp314-musllinux_1_2_riscv64.whl", hash = "sha256:fccde6efefdbc02e676ccb352a2ccc8a8e929f59a1c6d3d60bb78e923a49ca44", size = 2533456, upload-time = "2025-10-19T00:43:17.764Z" },
    { url = "https://files.pythonhosted.org/packages/45/66/bfe6fbb2bdcf03c8377c8c2f542576e15f3340c905a09d78a6cb3badd39a/cytoolz-1.1.0-cp314-cp314-musllinux_1_2_s390x.whl", hash = "sha256:717b7775313da5f51b0fbf50d865aa9c39cb241bd4cb605df3cf2246d6567397", size = 2826455, upload-time = "2025-10-19T00:43:19.561Z" },
    { url = "https://files.pythonhosted.org/packages/c3/0c/cce4047bd927e95f59e73319c02c9bc86bd3d76392e0eb9e41a1147a479c/cytoolz-1.1.0-cp314-cp314-musllinux_1_2_x86_64.whl", hash = "sha256:5158744a09d0e0e4a4f82225e3a3c4ebf38f9ae74467aaa905467270e52f2794", size = 2714897, upload-time = "2025-10-19T00:43:21.291Z" },
    { url = "https://files.pythonhosted.org/packages/ac/9a/061323bb289b565802bad14fb7ab59fcd8713105df142bcf4dd9ff64f8ac/cytoolz-1.1.0-cp314-cp314-win32.whl", hash = "sha256:1ed534bdbbf063b2bb28fca7d0f6723a3e5a72b086e7c7fe6d74ae8c3e4d00e2", size = 901490, upload-time = "2025-10-19T00:43:22.895Z" },
    { url = "https://files.pythonhosted.org/packages/a3/20/1f3a733d710d2a25d6f10b463bef55ada52fe6392a5d233c8d770191f48a/cytoolz-1.1.0-cp314-cp314-win_amd64.whl", hash = "sha256:472c1c9a085f5ad973ec0ad7f0b9ba0969faea6f96c9e397f6293d386f3a25ec", size = 946730, upload-time = "2025-10-19T00:43:24.838Z" },
    { url = "https://files.pythonhosted.org/packages/f2/22/2d657db4a5d1c10a152061800f812caba9ef20d7bd2406f51a5fd800c180/cytoolz-1.1.0-cp314-cp314-win_arm64.whl", hash = "sha256:a7ad7ca3386fa86bd301be3fa36e7f0acb024f412f665937955acfc8eb42deff", size = 905722, upload-time = "2025-10-19T00:43:26.439Z" },
    { url = "https://files.pythonhosted.org/packages/19/97/b4a8c76796a9a8b9bc90c7992840fa1589a1af8e0426562dea4ce9b384a7/cytoolz-1.1.0-cp314-cp314t-macosx_10_15_universal2.whl", hash = "sha256:64b63ed4b71b1ba813300ad0f06b8aff19a12cf51116e0e4f1ed837cea4debcf", size = 1372606, upload-time = "2025-10-19T00:43:28.491Z" },
    { url = "https://files.pythonhosted.org/packages/08/d4/a1bb1a32b454a2d650db8374ff3bf875ba0fc1c36e6446ec02a83b9140a1/cytoolz-1.1.0-cp314-cp314t-macosx_10_15_x86_64.whl", hash = "sha256:a60ba6f2ed9eb0003a737e1ee1e9fa2258e749da6477946008d4324efa25149f", size = 1012189, upload-time = "2025-10-19T00:43:30.177Z" },
    { url = "https://files.pythonhosted.org/packages/21/4b/2f5cbbd81588918ee7dd70cffb66731608f578a9b72166aafa991071af7d/cytoolz-1.1.0-cp314-cp314t-macosx_11_0_arm64.whl", hash = "sha256:1aa58e2434d732241f7f051e6f17657e969a89971025e24578b5cbc6f1346485", size = 1020624, upload-time = "2025-10-19T00:43:31.712Z" },
    { url = "https://files.pythonhosted.org/packages/f5/99/c4954dd86cd593cd776a038b36795a259b8b5c12cbab6363edf5f6d9c909/cytoolz-1.1.0-cp314-cp314t-manylinux1_i686.manylinux_2_28_i686.manylinux_2_5_i686.whl", hash = "sha256:6965af3fc7214645970e312deb9bd35a213a1eaabcfef4f39115e60bf2f76867", size = 2917016, upload-time = "2025-10-19T00:43:33.531Z" },
    { url = "https://files.pythonhosted.org/packages/b2/7c/f1f70a17e272b433232bc8a27df97e46b202d6cc07e3b0d63f7f41ba0f2d/cytoolz-1.1.0-cp314-cp314t-manylinux2014_aarch64.manylinux_2_17_aarch64.manylinux_2_28_aarch64.whl", hash = "sha256:ddd2863f321d67527d3b67a93000a378ad6f967056f68c06467fe011278a6d0e", size = 3107634, upload-time = "2025-10-19T00:43:35.57Z" },
    { url = "https://files.pythonhosted.org/packages/8f/bd/c3226a57474b4aef1f90040510cba30d0decd3515fed48dc229b37c2f898/cytoolz-1.1.0-cp314-cp314t-manylinux2014_armv7l.manylinux_2_17_armv7l.manylinux_2_31_armv7l.whl", hash = "sha256:4e6b428e9eb5126053c2ae0efa62512ff4b38ed3951f4d0888ca7005d63e56f5", size = 2806221, upload-time = "2025-10-19T00:43:37.707Z" },
    { url = "https://files.pythonhosted.org/packages/c3/47/2f7bfe4aaa1e07dc9828bea228ed744faf73b26aee0c1bdf3b5520bf1909/cytoolz-1.1.0-cp314-cp314t-manylinux2014_ppc64le.manylinux_2_17_ppc64le.manylinux_2_28_ppc64le.whl", hash = "sha256:d758e5ef311d2671e0ae8c214c52e44617cf1e58bef8f022b547b9802a5a7f30", size = 3107671, upload-time = "2025-10-19T00:43:39.401Z" },
    { url = "https://files.pythonhosted.org/packages/4d/12/6ff3b04fbd1369d0fcd5f8b5910ba6e427e33bf113754c4c35ec3f747924/cytoolz-1.1.0-cp314-cp314t-manylinux2014_s390x.manylinux_2_17_s390x.manylinux_2_28_s390x.whl", hash = "sha256:a95416eca473e6c1179b48d86adcf528b59c63ce78f4cb9934f2e413afa9b56b", size = 3176350, upload-time = "2025-10-19T00:43:41.148Z" },
    { url = "https://files.pythonhosted.org/packages/e6/8c/6691d986b728e77b5d2872743ebcd962d37a2d0f7e9ad95a81b284fbf905/cytoolz-1.1.0-cp314-cp314t-manylinux2014_x86_64.manylinux_2_17_x86_64.manylinux_2_28_x86_64.whl", hash = "sha256:36c8ede93525cf11e2cc787b7156e5cecd7340193ef800b816a16f1404a8dc6d", size = 3001173, upload-time = "2025-10-19T00:43:42.923Z" },
    { url = "https://files.pythonhosted.org/packages/7a/cb/f59d83a5058e1198db5a1f04e4a124c94d60390e4fa89b6d2e38ee8288a0/cytoolz-1.1.0-cp314-cp314t-manylinux_2_31_riscv64.manylinux_2_39_riscv64.whl", hash = "sha256:c0c949755b6d8a649c5fbc888bc30915926f1b09fe42fea9f289e297c2f6ddd3", size = 2701374, upload-time = "2025-10-19T00:43:44.716Z" },
    { url = "https://files.pythonhosted.org/packages/b7/f0/1ae6d28df503b0bdae094879da2072b8ba13db5919cd3798918761578411/cytoolz-1.1.0-cp314-cp314t-musllinux_1_2_aarch64.whl", hash = "sha256:e1b6d37545816905a76d9ed59fa4e332f929e879f062a39ea0f6f620405cdc27", size = 2953081, upload-time = "2025-10-19T00:43:47.103Z" },
    { url = "https://files.pythonhosted.org/packages/f4/06/d86fe811c6222dc32d3e08f5d88d2be598a6055b4d0590e7c1428d55c386/cytoolz-1.1.0-cp314-cp314t-musllinux_1_2_armv7l.whl", hash = "sha256:05332112d4087904842b36954cd1d3fc0e463a2f4a7ef9477bd241427c593c3b", size = 2862228, upload-time = "2025-10-19T00:43:49.353Z" },
    { url = "https://files.pythonhosted.org/packages/ae/32/978ef6f42623be44a0a03ae9de875ab54aa26c7e38c5c4cd505460b0927d/cytoolz-1.1.0-cp314-cp314t-musllinux_1_2_i686.whl", hash = "sha256:31538ca2fad2d688cbd962ccc3f1da847329e2258a52940f10a2ac0719e526be", size = 2861971, upload-time = "2025-10-19T00:43:51.028Z" },
    { url = "https://files.pythonhosted.org/packages/ee/f7/74c69497e756b752b359925d1feef68b91df024a4124a823740f675dacd3/cytoolz-1.1.0-cp314-cp314t-musllinux_1_2_ppc64le.whl", hash = "sha256:747562aa70abf219ea16f07d50ac0157db856d447f7f498f592e097cbc77df0b", size = 2975304, upload-time = "2025-10-19T00:43:52.99Z" },
    { url = "https://files.pythonhosted.org/packages/5b/2b/3ce0e6889a6491f3418ad4d84ae407b8456b02169a5a1f87990dbba7433b/cytoolz-1.1.0-cp314-cp314t-musllinux_1_2_riscv64.whl", hash = "sha256:3dc15c48b20c0f467e15e341e102896c8422dccf8efc6322def5c1b02f074629", size = 2697371, upload-time = "2025-10-19T00:43:55.312Z" },
    { url = "https://files.pythonhosted.org/packages/15/87/c616577f0891d97860643c845f7221e95240aa589586de727e28a5eb6e52/cytoolz-1.1.0-cp314-cp314t-musllinux_1_2_s390x.whl", hash = "sha256:3c03137ee6103ba92d5d6ad6a510e86fded69cd67050bd8a1843f15283be17ac", size = 2992436, upload-time = "2025-10-19T00:43:57.253Z" },
    { url = "https://files.pythonhosted.org/packages/e7/9f/490c81bffb3428ab1fa114051fbb5ba18aaa2e2fe4da5bf4170ca524e6b3/cytoolz-1.1.0-cp314-cp314t-musllinux_1_2_x86_64.whl", hash = "sha256:be8e298d88f88bd172b59912240558be3b7a04959375646e7fd4996401452941", size = 2917612, upload-time = "2025-10-19T00:43:59.423Z" },
    { url = "https://files.pythonhosted.org/packages/66/35/0fec2769660ca6472bbf3317ab634675827bb706d193e3240aaf20eab961/cytoolz-1.1.0-cp314-cp314t-win32.whl", hash = "sha256:3d407140f5604a89578285d4aac7b18b8eafa055cf776e781aabb89c48738fad", size = 960842, upload-time = "2025-10-19T00:44:01.143Z" },
    { url = "https://files.pythonhosted.org/packages/46/b4/b7ce3d3cd20337becfec978ecfa6d0ef64884d0cf32d44edfed8700914b9/cytoolz-1.1.0-cp314-cp314t-win_amd64.whl", hash = "sha256:56e5afb69eb6e1b3ffc34716ee5f92ffbdb5cb003b3a5ca4d4b0fe700e217162", size = 1020835, upload-time = "2025-10-19T00:44:03.246Z" },
    { url = "https://files.pythonhosted.org/packages/2c/1f/0498009aa563a9c5d04f520aadc6e1c0942434d089d0b2f51ea986470f55/cytoolz-1.1.0-cp314-cp314t-win_arm64.whl", hash = "sha256:27b19b4a286b3ff52040efa42dbe403730aebe5fdfd2def704eb285e2125c63e", size = 927963, upload-time = "2025-10-19T00:44:04.85Z" },
]

[[package]]
name = "markdown-it-py"
version = "4.0.0"
source = { registry = "https://pypi.org/simple" }
dependencies = [
    { name = "mdurl" },
]
sdist = { url = "https://files.pythonhosted.org/packages/5b/f5/4ec618ed16cc4f8fb3b701563655a69816155e79e24a17b651541804721d/markdown_it_py-4.0.0.tar.gz", hash = "sha256:cb0a2b4aa34f932c007117b194e945bd74e0ec24133ceb5bac59009cda1cb9f3", size = 73070, upload-time = "2025-08-11T12:57:52.854Z" }
wheels = [
    { url = "https://files.pythonhosted.org/packages/94/54/e7d793b573f298e1c9013b8c4dade17d481164aa517d1d7148619c2cedbf/markdown_it_py-4.0.0-py3-none-any.whl", hash = "sha256:87327c59b172c5011896038353a81343b6754500a08cd7a4973bb48c6d578147", size = 87321, upload-time = "2025-08-11T12:57:51.923Z" },
]

[[package]]
name = "mdurl"
version = "0.1.2"
source = { registry = "https://pypi.org/simple" }
sdist = { url = "https://files.pythonhosted.org/packages/d6/54/cfe61301667036ec958cb99bd3efefba235e65cdeb9c84d24a8293ba1d90/mdurl-0.1.2.tar.gz", hash = "sha256:bb413d29f5eea38f31dd4754dd7377d4465116fb207585f97bf925588687c1ba", size = 8729, upload-time = "2022-08-14T12:40:10.846Z" }
wheels = [
    { url = "https://files.pythonhosted.org/packages/b3/38/89ba8ad64ae25be8de66a6d463314cf1eb366222074cfda9ee839c56a4b4/mdurl-0.1.2-py3-none-any.whl", hash = "sha256:84008a41e51615a49fc9966191ff91509e3c40b939176e643fd50a5c2196b8f8", size = 9979, upload-time = "2022-08-14T12:40:09.779Z" },
]

[[package]]
name = "more-itertools"
version = "10.8.0"
source = { registry = "https://pypi.org/simple" }
sdist = { url = "https://files.pythonhosted.org/packages/ea/5d/38b681d3fce7a266dd9ab73c66959406d565b3e85f21d5e66e1181d93721/more_itertools-10.8.0.tar.gz", hash = "sha256:f638ddf8a1a0d134181275fb5d58b086ead7c6a72429ad725c67503f13ba30bd", size = 137431, upload-time = "2025-09-02T15:23:11.018Z" }
wheels = [
    { url = "https://files.pythonhosted.org/packages/a4/8e/469e5a4a2f5855992e425f3cb33804cc07bf18d48f2db061aec61ce50270/more_itertools-10.8.0-py3-none-any.whl", hash = "sha256:52d4362373dcf7c52546bc4af9a86ee7c4579df9a8dc268be0a2f949d376cc9b", size = 69667, upload-time = "2025-09-02T15:23:09.635Z" },
]

[[package]]
name = "pygments"
version = "2.19.2"
source = { registry = "https://pypi.org/simple" }
sdist = { url = "https://files.pythonhosted.org/packages/b0/77/a5b8c569bf593b0140bde72ea885a803b82086995367bf2037de0159d924/pygments-2.19.2.tar.gz", hash = "sha256:636cb2477cec7f8952536970bc533bc43743542f70392ae026374600add5b887", size = 4968631, upload-time = "2025-06-21T13:39:12.283Z" }
wheels = [
    { url = "https://files.pythonhosted.org/packages/c7/21/705964c7812476f378728bdf590ca4b771ec72385c533964653c68e86bdc/pygments-2.19.2-py3-none-any.whl", hash = "sha256:86540386c03d588bb81d44bc3928634ff26449851e99741617ecb9037ee5ec0b", size = 1225217, upload-time = "2025-06-21T13:39:07.939Z" },
]

[[package]]
name = "python-slugify"
version = "8.0.4"
source = { registry = "https://pypi.org/simple" }
dependencies = [
    { name = "text-unidecode" },
]
sdist = { url = "https://files.pythonhosted.org/packages/87/c7/5e1547c44e31da50a460df93af11a535ace568ef89d7a811069ead340c4a/python-slugify-8.0.4.tar.gz", hash = "sha256:59202371d1d05b54a9e7720c5e038f928f45daaffe41dd10822f3907b937c856", size = 10921, upload-time = "2024-02-08T18:32:45.488Z" }
wheels = [
    { url = "https://files.pythonhosted.org/packages/a4/62/02da182e544a51a5c3ccf4b03ab79df279f9c60c5e82d5e8bec7ca26ac11/python_slugify-8.0.4-py2.py3-none-any.whl", hash = "sha256:276540b79961052b66b7d116620b36518847f52d5fd9e3a70164fc8c50faa6b8", size = 10051, upload-time = "2024-02-08T18:32:43.911Z" },
]

[[package]]
name = "pyyaml"
version = "6.0.3"
source = { registry = "https://pypi.org/simple" }
sdist = { url = "https://files.pythonhosted.org/packages/05/8e/961c0007c59b8dd7729d542c61a4d537767a59645b82a0b521206e1e25c2/pyyaml-6.0.3.tar.gz", hash = "sha256:d76623373421df22fb4cf8817020cbb7ef15c725b9d5e45f17e189bfc384190f", size = 130960, upload-time = "2025-09-25T21:33:16.546Z" }
wheels = [
    { url = "https://files.pythonhosted.org/packages/9d/8c/f4bd7f6465179953d3ac9bc44ac1a8a3e6122cf8ada906b4f96c60172d43/pyyaml-6.0.3-cp314-cp314-macosx_10_13_x86_64.whl", hash = "sha256:8d1fab6bb153a416f9aeb4b8763bc0f22a5586065f86f7664fc23339fc1c1fac", size = 181814, upload-time = "2025-09-25T21:32:35.712Z" },
    { url = "https://files.pythonhosted.org/packages/bd/9c/4d95bb87eb2063d20db7b60faa3840c1b18025517ae857371c4dd55a6b3a/pyyaml-6.0.3-cp314-cp314-macosx_11_0_arm64.whl", hash = "sha256:34d5fcd24b8445fadc33f9cf348c1047101756fd760b4dacb5c3e99755703310", size = 173809, upload-time = "2025-09-25T21:32:36.789Z" },
    { url = "https://files.pythonhosted.org/packages/92/b5/47e807c2623074914e29dabd16cbbdd4bf5e9b2db9f8090fa64411fc5382/pyyaml-6.0.3-cp314-cp314-manylinux2014_aarch64.manylinux_2_17_aarch64.manylinux_2_28_aarch64.whl", hash = "sha256:501a031947e3a9025ed4405a168e6ef5ae3126c59f90ce0cd6f2bfc477be31b7", size = 766454, upload-time = "2025-09-25T21:32:37.966Z" },
    { url = "https://files.pythonhosted.org/packages/02/9e/e5e9b168be58564121efb3de6859c452fccde0ab093d8438905899a3a483/pyyaml-6.0.3-cp314-cp314-manylinux2014_s390x.manylinux_2_17_s390x.manylinux_2_28_s390x.whl", hash = "sha256:b3bc83488de33889877a0f2543ade9f70c67d66d9ebb4ac959502e12de895788", size = 836355, upload-time = "2025-09-25T21:32:39.178Z" },
    { url = "https://files.pythonhosted.org/packages/88/f9/16491d7ed2a919954993e48aa941b200f38040928474c9e85ea9e64222c3/pyyaml-6.0.3-cp314-cp314-manylinux2014_x86_64.manylinux_2_17_x86_64.manylinux_2_28_x86_64.whl", hash = "sha256:c458b6d084f9b935061bc36216e8a69a7e293a2f1e68bf956dcd9e6cbcd143f5", size = 794175, upload-time = "2025-09-25T21:32:40.865Z" },
    { url = "https://files.pythonhosted.org/packages/dd/3f/5989debef34dc6397317802b527dbbafb2b4760878a53d4166579111411e/pyyaml-6.0.3-cp314-cp314-musllinux_1_2_aarch64.whl", hash = "sha256:7c6610def4f163542a622a73fb39f534f8c101d690126992300bf3207eab9764", size = 755228, upload-time = "2025-09-25T21:32:42.084Z" },
    { url = "https://files.pythonhosted.org/packages/d7/ce/af88a49043cd2e265be63d083fc75b27b6ed062f5f9fd6cdc223ad62f03e/pyyaml-6.0.3-cp314-cp314-musllinux_1_2_x86_64.whl", hash = "sha256:5190d403f121660ce8d1d2c1bb2ef1bd05b5f68533fc5c2ea899bd15f4399b35", size = 789194, upload-time = "2025-09-25T21:32:43.362Z" },
    { url = "https://files.pythonhosted.org/packages/23/20/bb6982b26a40bb43951265ba29d4c246ef0ff59c9fdcdf0ed04e0687de4d/pyyaml-6.0.3-cp314-cp314-win_amd64.whl", hash = "sha256:4a2e8cebe2ff6ab7d1050ecd59c25d4c8bd7e6f400f5f82b96557ac0abafd0ac", size = 156429, upload-time = "2025-09-25T21:32:57.844Z" },
    { url = "https://files.pythonhosted.org/packages/f4/f4/a4541072bb9422c8a883ab55255f918fa378ecf083f5b85e87fc2b4eda1b/pyyaml-6.0.3-cp314-cp314-win_arm64.whl", hash = "sha256:93dda82c9c22deb0a405ea4dc5f2d0cda384168e466364dec6255b293923b2f3", size = 143912, upload-time = "2025-09-25T21:32:59.247Z" },
    { url = "https://files.pythonhosted.org/packages/7c/f9/07dd09ae774e4616edf6cda684ee78f97777bdd15847253637a6f052a62f/pyyaml-6.0.3-cp314-cp314t-macosx_10_13_x86_64.whl", hash = "sha256:02893d100e99e03eda1c8fd5c441d8c60103fd175728e23e431db1b589cf5ab3", size = 189108, upload-time = "2025-09-25T21:32:44.377Z" },
    { url = "https://files.pythonhosted.org/packages/4e/78/8d08c9fb7ce09ad8c38ad533c1191cf27f7ae1effe5bb9400a46d9437fcf/pyyaml-6.0.3-cp314-cp314t-macosx_11_0_arm64.whl", hash = "sha256:c1ff362665ae507275af2853520967820d9124984e0f7466736aea23d8611fba", size = 183641, upload-time = "2025-09-25T21:32:45.407Z" },
    { url = "https://files.pythonhosted.org/packages/7b/5b/3babb19104a46945cf816d047db2788bcaf8c94527a805610b0289a01c6b/pyyaml-6.0.3-cp314-cp314t-manylinux2014_aarch64.manylinux_2_17_aarch64.manylinux_2_28_aarch64.whl", hash = "sha256:6adc77889b628398debc7b65c073bcb99c4a0237b248cacaf3fe8a557563ef6c", size = 831901, upload-time = "2025-09-25T21:32:48.83Z" },
    { url = "https://files.pythonhosted.org/packages/8b/cc/dff0684d8dc44da4d22a13f35f073d558c268780ce3c6ba1b87055bb0b87/pyyaml-6.0.3-cp314-cp314t-manylinux2014_s390x.manylinux_2_17_s390x.manylinux_2_28_s390x.whl", hash = "sha256:a80cb027f6b349846a3bf6d73b5e95e782175e52f22108cfa17876aaeff93702", size = 861132, upload-time = "2025-09-25T21:32:50.149Z" },
    { url = "https://files.pythonhosted.org/packages/b1/5e/f77dc6b9036943e285ba76b49e118d9ea929885becb0a29ba8a7c75e29fe/pyyaml-6.0.3-cp314-cp314t-manylinux2014_x86_64.manylinux_2_17_x86_64.manylinux_2_28_x86_64.whl", hash = "sha256:00c4bdeba853cc34e7dd471f16b4114f4162dc03e6b7afcc2128711f0eca823c", size = 839261, upload-time = "2025-09-25T21:32:51.808Z" },
    { url = "https://files.pythonhosted.org/packages/ce/88/a9db1376aa2a228197c58b37302f284b5617f56a5d959fd1763fb1675ce6/pyyaml-6.0.3-cp314-cp314t-musllinux_1_2_aarch64.whl", hash = "sha256:66e1674c3ef6f541c35191caae2d429b967b99e02040f5ba928632d9a7f0f065", size = 805272, upload-time = "2025-09-25T21:32:52.941Z" },
    { url = "https://files.pythonhosted.org/packages/da/92/1446574745d74df0c92e6aa4a7b0b3130706a4142b2d1a5869f2eaa423c6/pyyaml-6.0.3-cp314-cp314t-musllinux_1_2_x86_64.whl", hash = "sha256:16249ee61e95f858e83976573de0f5b2893b3677ba71c9dd36b9cf8be9ac6d65", size = 829923, upload-time = "2025-09-25T21:32:54.537Z" },
    { url = "https://files.pythonhosted.org/packages/f0/7a/1c7270340330e575b92f397352af856a8c06f230aa3e76f86b39d01b416a/pyyaml-6.0.3-cp314-cp314t-win_amd64.whl", hash = "sha256:4ad1906908f2f5ae4e5a8ddfce73c320c2a1429ec52eafd27138b7f1cbe341c9", size = 174062, upload-time = "2025-09-25T21:32:55.767Z" },
    { url = "https://files.pythonhosted.org/packages/f1/12/de94a39c2ef588c7e6455cfbe7343d3b2dc9d6b6b2f40c4c6565744c873d/pyyaml-6.0.3-cp314-cp314t-win_arm64.whl", hash = "sha256:ebc55a14a21cb14062aa4162f906cd962b28e2e9ea38f9b4391244cd8de4ae0b", size = 149341, upload-time = "2025-09-25T21:32:56.828Z" },
]

[[package]]
name = "rich"
version = "14.3.2"
source = { registry = "https://pypi.org/simple" }
dependencies = [
    { name = "markdown-it-py" },
    { name = "pygments" },
]
sdist = { url = "https://files.pythonhosted.org/packages/74/99/a4cab2acbb884f80e558b0771e97e21e939c5dfb460f488d19df485e8298/rich-14.3.2.tar.gz", hash = "sha256:e712f11c1a562a11843306f5ed999475f09ac31ffb64281f73ab29ffdda8b3b8", size = 230143, upload-time = "2026-02-01T16:20:47.908Z" }
wheels = [
    { url = "https://files.pythonhosted.org/packages/ef/45/615f5babd880b4bd7d405cc0dc348234c5ffb6ed1ea33e152ede08b2072d/rich-14.3.2-py3-none-any.whl", hash = "sha256:08e67c3e90884651da3239ea668222d19bea7b589149d8014a21c633420dbb69", size = 309963, upload-time = "2026-02-01T16:20:46.078Z" },
]

[[package]]
name = "text-unidecode"
version = "1.3"
source = { registry = "https://pypi.org/simple" }
sdist = { url = "https://files.pythonhosted.org/packages/ab/e2/e9a00f0ccb71718418230718b3d900e71a5d16e701a3dae079a21e9cd8f8/text-unidecode-1.3.tar.gz", hash = "sha256:bad6603bb14d279193107714b288be206cac565dfa49aa5b105294dd5c4aab93", size = 76885, upload-time = "2019-08-30T21:36:45.405Z" }
wheels = [
    { url = "https://files.pythonhosted.org/packages/a6/a5/c0b6468d3824fe3fde30dbb5e1f687b291608f9473681bbf7dabbf5a87d7/text_unidecode-1.3-py2.py3-none-any.whl", hash = "sha256:1311f10e8b895935241623731c2ba64f4c455287888b18189350b67134a822e8", size = 78154, upload-time = "2019-08-30T21:37:03.543Z" },
]

[[package]]
name = "toolz"
version = "1.1.0"
source = { registry = "https://pypi.org/simple" }
sdist = { url = "https://files.pythonhosted.org/packages/11/d6/114b492226588d6ff54579d95847662fc69196bdeec318eb45393b24c192/toolz-1.1.0.tar.gz", hash = "sha256:27a5c770d068c110d9ed9323f24f1543e83b2f300a687b7891c1a6d56b697b5b", size = 52613, upload-time = "2025-10-17T04:03:21.661Z" }
wheels = [
    { url = "https://files.pythonhosted.org/packages/fb/12/5911ae3eeec47800503a238d971e51722ccea5feb8569b735184d5fcdbc0/toolz-1.1.0-py3-none-any.whl", hash = "sha256:15ccc861ac51c53696de0a5d6d4607f99c210739caf987b5d2054f3efed429d8", size = 58093, upload-time = "2025-10-17T04:03:20.435Z" },
]

[[package]]
name = "traefik"
version = "0.1.0"
source = { editable = "." }
dependencies = [
    { name = "cytoolz" },
    { name = "more-itertools" },
    { name = "python-slugify" },
    { name = "pyyaml" },
    { name = "rich" },
]

[package.metadata]
requires-dist = [
    { name = "cytoolz", specifier = ">=1.0.1" },
    { name = "more-itertools", specifier = ">=10.7.0" },
    { name = "python-slugify", specifier = ">=8.0.4" },
    { name = "pyyaml", specifier = ">=6.0.3" },
    { name = "rich", specifier = ">=14.0.0" },
]
